<Solution>
  <Configurations>
    <BuildType Name="Debug" />
    <BuildType Name="Release" />
    <Platform Name="x64" />
  </Configurations>
  <Project Path="PointlessWaymarks.SiteViewerMaui/PointlessWaymarks.SiteViewerMaui.csproj">
    <Platform Project="AnyCPU" />
  </Project>
  <Project Path="PointlessWaymarks.SiteViewerMauiTests/PointlessWaymarks.SiteViewerMauiTests.csproj">
    <Platform Project="x64" />
  </Project>
</Solution>
