<Solution>
  <Configurations>
    <BuildType Name="Debug" />
    <BuildType Name="LamaDebug" />
    <BuildType Name="Release" />
    <Platform Name="x64" />
  </Configurations>
  <Project Path="PointlessWaymarks.FeedReaderAvalonia/PointlessWaymarks.FeedReaderAvalonia.csproj">
    <BuildType Solution="LamaDebug|*" Project="Release" />
    <Platform Project="x64" />
  </Project>
  <Project Path="PointlessWaymarks.FeedReaderData/PointlessWaymarks.FeedReaderData.csproj">
    <Platform Project="x64" />
  </Project>
  <Project Path="PointlessWaymarksTools/PointlessWaymarks.AvaloniaCommon/PointlessWaymarks.AvaloniaCommon.csproj" Id="0d0cb54e-d38d-2e9f-57fc-230b73bd8644">
    <Platform Project="x64" />
  </Project>
  <Project Path="PointlessWaymarksTools/PointlessWaymarks.AvaloniaLlamaAspects/PointlessWaymarks.AvaloniaLlamaAspects.csproj">
    <BuildType Solution="LamaDebug|*" Project="Release" />
    <Platform Project="x64" />
  </Project>
  <Project Path="PointlessWaymarksTools/PointlessWaymarks.CommonTools/PointlessWaymarks.CommonTools.csproj">
    <Platform Project="x64" />
  </Project>
  <Project Path="PointlessWaymarksTools/PointlessWaymarks.FeedReader.Tests/PointlessWaymarks.FeedReader.Tests.csproj">
    <BuildType Solution="LamaDebug|*" Project="Release" />
    <Platform Project="x64" />
  </Project>
  <Project Path="PointlessWaymarksTools/PointlessWaymarks.FeedReader/PointlessWaymarks.FeedReader.csproj">
    <BuildType Solution="LamaDebug|*" Project="Release" />
    <Platform Project="x64" />
  </Project>
  <Project Path="PointlessWaymarksTools/PointlessWaymarks.VaultfuscationTools/PointlessWaymarks.VaultfuscationTools.csproj">
    <BuildType Solution="LamaDebug|*" Project="Release" />
    <Platform Project="x64" />
  </Project>
  <Project Path="PointlessWaymarksTools/PointlessWaymarks.VisualWebWork/PointlessWaymarks.VisualWebWork.csproj">
    <BuildType Solution="LamaDebug|*" Project="Release" />
    <Platform Project="x64" />
  </Project>
</Solution>
