
Microsoft Visual Studio Solution File, Format Version 12.00
# Visual Studio Version 17
VisualStudioVersion = 17.9.34310.174
MinimumVisualStudioVersion = 10.0.40219.1
Project("{FAE04EC0-301F-11D3-BF4B-00C04F79EFBC}") = "PwTrackTrimmer.Browser", "PwTrackTrimmer.Browser\PwTrackTrimmer.Browser.csproj", "{94AA81DE-D84F-4017-ADE0-71F145BB845B}"
EndProject
Project("{FAE04EC0-301F-11D3-BF4B-00C04F79EFBC}") = "PwTrackTrimmer", "PwTrackTrimmer\PwTrackTrimmer.csproj", "{846EB065-1A26-4AFD-AF0F-4DCE1F39A5F4}"
EndProject
Project("{FAE04EC0-301F-11D3-BF4B-00C04F79EFBC}") = "PwTrackTrimmer.Simulator", "PwTrackTrimmer.Simulator\PwTrackTrimmer.Simulator.csproj", "{4918FC02-1F16-42F5-BCA9-80AB4F673193}"
EndProject
Project("{FAE04EC0-301F-11D3-BF4B-00C04F79EFBC}") = "PwTrackTrimmer.Photino", "PwTrackTrimmer.Photino\PwTrackTrimmer.Photino.csproj", "{1274B9F5-E0E7-498A-8312-68289A5CB1EF}"
EndProject
Global
	GlobalSection(SolutionConfigurationPlatforms) = preSolution
		Debug|Any CPU = Debug|Any CPU
		Release|Any CPU = Release|Any CPU
	EndGlobalSection
	GlobalSection(ProjectConfigurationPlatforms) = postSolution
		{94AA81DE-D84F-4017-ADE0-71F145BB845B}.Debug|Any CPU.ActiveCfg = Debug|Any CPU
		{94AA81DE-D84F-4017-ADE0-71F145BB845B}.Debug|Any CPU.Build.0 = Debug|Any CPU
		{94AA81DE-D84F-4017-ADE0-71F145BB845B}.Release|Any CPU.ActiveCfg = Release|Any CPU
		{94AA81DE-D84F-4017-ADE0-71F145BB845B}.Release|Any CPU.Build.0 = Release|Any CPU
		{846EB065-1A26-4AFD-AF0F-4DCE1F39A5F4}.Debug|Any CPU.ActiveCfg = Debug|Any CPU
		{846EB065-1A26-4AFD-AF0F-4DCE1F39A5F4}.Debug|Any CPU.Build.0 = Debug|Any CPU
		{846EB065-1A26-4AFD-AF0F-4DCE1F39A5F4}.Release|Any CPU.ActiveCfg = Release|Any CPU
		{846EB065-1A26-4AFD-AF0F-4DCE1F39A5F4}.Release|Any CPU.Build.0 = Release|Any CPU
		{4918FC02-1F16-42F5-BCA9-80AB4F673193}.Debug|Any CPU.ActiveCfg = Debug|Any CPU
		{4918FC02-1F16-42F5-BCA9-80AB4F673193}.Debug|Any CPU.Build.0 = Debug|Any CPU
		{4918FC02-1F16-42F5-BCA9-80AB4F673193}.Release|Any CPU.ActiveCfg = Release|Any CPU
		{4918FC02-1F16-42F5-BCA9-80AB4F673193}.Release|Any CPU.Build.0 = Release|Any CPU
		{1274B9F5-E0E7-498A-8312-68289A5CB1EF}.Debug|Any CPU.ActiveCfg = Debug|Any CPU
		{1274B9F5-E0E7-498A-8312-68289A5CB1EF}.Debug|Any CPU.Build.0 = Debug|Any CPU
		{1274B9F5-E0E7-498A-8312-68289A5CB1EF}.Release|Any CPU.ActiveCfg = Release|Any CPU
		{1274B9F5-E0E7-498A-8312-68289A5CB1EF}.Release|Any CPU.Build.0 = Release|Any CPU
	EndGlobalSection
	GlobalSection(SolutionProperties) = preSolution
		HideSolutionNode = FALSE
	EndGlobalSection
	GlobalSection(ExtensibilityGlobals) = postSolution
		SolutionGuid = {403DE16F-3DD1-46AF-B891-4700E0CCD123}
	EndGlobalSection
EndGlobal
